
Microsoft Visual Studio Solution File, Format Version 12.00
# Visual Studio Version 16
VisualStudioVersion = 16.0.32428.217
MinimumVisualStudioVersion = 10.0.40219.1
Project("{8BC9CEB8-8B4A-11D0-8D11-00A0C91BC942}") = "FsFilter1", "FsFilter1\FsFilter1.vcxproj", "{9325C7EC-2FC4-47A1-953F-890E7A870D4B}"
EndProject
Project("{8BC9CEB8-8B4A-11D0-8D11-00A0C91BC942}") = "ConsoleApplication1", "ConsoleApplication1\ConsoleApplication1.vcxproj", "{A8464257-EA2B-4249-A690-B0F9878E5A5B}"
EndProject
Global
	GlobalSection(SolutionConfigurationPlatforms) = preSolution
		Debug|ARM = Debug|ARM
		Debug|ARM64 = Debug|ARM64
		Debug|x64 = Debug|x64
		Debug|x86 = Debug|x86
		Release|ARM = Release|ARM
		Release|ARM64 = Release|ARM64
		Release|x64 = Release|x64
		Release|x86 = Release|x86
	EndGlobalSection
	GlobalSection(ProjectConfigurationPlatforms) = postSolution
		{9325C7EC-2FC4-47A1-953F-890E7A870D4B}.Debug|ARM.ActiveCfg = Debug|ARM
		{9325C7EC-2FC4-47A1-953F-890E7A870D4B}.Debug|ARM.Build.0 = Debug|ARM
		{9325C7EC-2FC4-47A1-953F-890E7A870D4B}.Debug|ARM.Deploy.0 = Debug|ARM
		{9325C7EC-2FC4-47A1-953F-890E7A870D4B}.Debug|ARM64.ActiveCfg = Debug|ARM64
		{9325C7EC-2FC4-47A1-953F-890E7A870D4B}.Debug|ARM64.Build.0 = Debug|ARM64
		{9325C7EC-2FC4-47A1-953F-890E7A870D4B}.Debug|ARM64.Deploy.0 = Debug|ARM64
		{9325C7EC-2FC4-47A1-953F-890E7A870D4B}.Debug|x64.ActiveCfg = Debug|x64
		{9325C7EC-2FC4-47A1-953F-890E7A870D4B}.Debug|x64.Build.0 = Debug|x64
		{9325C7EC-2FC4-47A1-953F-890E7A870D4B}.Debug|x64.Deploy.0 = Debug|x64
		{9325C7EC-2FC4-47A1-953F-890E7A870D4B}.Debug|x86.ActiveCfg = Debug|Win32
		{9325C7EC-2FC4-47A1-953F-890E7A870D4B}.Debug|x86.Build.0 = Debug|Win32
		{9325C7EC-2FC4-47A1-953F-890E7A870D4B}.Debug|x86.Deploy.0 = Debug|Win32
		{9325C7EC-2FC4-47A1-953F-890E7A870D4B}.Release|ARM.ActiveCfg = Release|ARM
		{9325C7EC-2FC4-47A1-953F-890E7A870D4B}.Release|ARM.Build.0 = Release|ARM
		{9325C7EC-2FC4-47A1-953F-890E7A870D4B}.Release|ARM.Deploy.0 = Release|ARM
		{9325C7EC-2FC4-47A1-953F-890E7A870D4B}.Release|ARM64.ActiveCfg = Release|ARM64
		{9325C7EC-2FC4-47A1-953F-890E7A870D4B}.Release|ARM64.Build.0 = Release|ARM64
		{9325C7EC-2FC4-47A1-953F-890E7A870D4B}.Release|ARM64.Deploy.0 = Release|ARM64
		{9325C7EC-2FC4-47A1-953F-890E7A870D4B}.Release|x64.ActiveCfg = Release|x64
		{9325C7EC-2FC4-47A1-953F-890E7A870D4B}.Release|x64.Build.0 = Release|x64
		{9325C7EC-2FC4-47A1-953F-890E7A870D4B}.Release|x64.Deploy.0 = Release|x64
		{9325C7EC-2FC4-47A1-953F-890E7A870D4B}.Release|x86.ActiveCfg = Release|Win32
		{9325C7EC-2FC4-47A1-953F-890E7A870D4B}.Release|x86.Build.0 = Release|Win32
		{9325C7EC-2FC4-47A1-953F-890E7A870D4B}.Release|x86.Deploy.0 = Release|Win32
		{EE4055B3-2633-4299-AD0A-6DA448B6BBA1}.Debug|ARM.ActiveCfg = Debug|Win32
		{EE4055B3-2633-4299-AD0A-6DA448B6BBA1}.Debug|ARM64.ActiveCfg = Debug|Win32
		{EE4055B3-2633-4299-AD0A-6DA448B6BBA1}.Debug|x64.ActiveCfg = Debug|x64
		{EE4055B3-2633-4299-AD0A-6DA448B6BBA1}.Debug|x64.Build.0 = Debug|x64
		{EE4055B3-2633-4299-AD0A-6DA448B6BBA1}.Debug|x86.ActiveCfg = Debug|Win32
		{EE4055B3-2633-4299-AD0A-6DA448B6BBA1}.Debug|x86.Build.0 = Debug|Win32
		{EE4055B3-2633-4299-AD0A-6DA448B6BBA1}.Release|ARM.ActiveCfg = Release|Win32
		{EE4055B3-2633-4299-AD0A-6DA448B6BBA1}.Release|ARM64.ActiveCfg = Release|Win32
		{EE4055B3-2633-4299-AD0A-6DA448B6BBA1}.Release|x64.ActiveCfg = Release|x64
		{EE4055B3-2633-4299-AD0A-6DA448B6BBA1}.Release|x64.Build.0 = Release|x64
		{EE4055B3-2633-4299-AD0A-6DA448B6BBA1}.Release|x86.ActiveCfg = Release|Win32
		{EE4055B3-2633-4299-AD0A-6DA448B6BBA1}.Release|x86.Build.0 = Release|Win32
		{A8464257-EA2B-4249-A690-B0F9878E5A5B}.Debug|ARM.ActiveCfg = Debug|Win32
		{A8464257-EA2B-4249-A690-B0F9878E5A5B}.Debug|ARM64.ActiveCfg = Debug|Win32
		{A8464257-EA2B-4249-A690-B0F9878E5A5B}.Debug|x64.ActiveCfg = Debug|x64
		{A8464257-EA2B-4249-A690-B0F9878E5A5B}.Debug|x64.Build.0 = Debug|x64
		{A8464257-EA2B-4249-A690-B0F9878E5A5B}.Debug|x86.ActiveCfg = Debug|Win32
		{A8464257-EA2B-4249-A690-B0F9878E5A5B}.Debug|x86.Build.0 = Debug|Win32
		{A8464257-EA2B-4249-A690-B0F9878E5A5B}.Release|ARM.ActiveCfg = Release|Win32
		{A8464257-EA2B-4249-A690-B0F9878E5A5B}.Release|ARM64.ActiveCfg = Release|Win32
		{A8464257-EA2B-4249-A690-B0F9878E5A5B}.Release|x64.ActiveCfg = Release|x64
		{A8464257-EA2B-4249-A690-B0F9878E5A5B}.Release|x64.Build.0 = Release|x64
		{A8464257-EA2B-4249-A690-B0F9878E5A5B}.Release|x86.ActiveCfg = Release|Win32
		{A8464257-EA2B-4249-A690-B0F9878E5A5B}.Release|x86.Build.0 = Release|Win32
	EndGlobalSection
	GlobalSection(SolutionProperties) = preSolution
		HideSolutionNode = FALSE
	EndGlobalSection
	GlobalSection(ExtensibilityGlobals) = postSolution
		SolutionGuid = {3F1782A7-B6F5-47C8-B064-AAD71A398194}
	EndGlobalSection
EndGlobal
